
Microsoft Visual Studio Solution File, Format Version 12.00
# Visual Studio 15
VisualStudioVersion = 15.0.26730.12
MinimumVisualStudioVersion = 10.0.40219.1
Project("{FAE04EC0-301F-11D3-BF4B-00C04F79EFBC}") = "xamarin.ime", "xamarin.ime\xamarin.ime\xamarin.ime.csproj", "{0C4D4908-D825-48AC-8C35-66D838A9C930}"
EndProject
Project("{FAE04EC0-301F-11D3-BF4B-00C04F79EFBC}") = "xamarin.ime.Tizen", "xamarin.ime\xamarin.ime.Tizen\xamarin.ime.Tizen.csproj", "{5ED2D28E-31A3-480B-83F7-BDEAE95837A1}"
EndProject
Global
	GlobalSection(SolutionConfigurationPlatforms) = preSolution
		Debug|Any CPU = Debug|Any CPU
		Release|Any CPU = Release|Any CPU
	EndGlobalSection
	GlobalSection(ProjectConfigurationPlatforms) = postSolution
		{0C4D4908-D825-48AC-8C35-66D838A9C930}.Debug|Any CPU.ActiveCfg = Debug|Any CPU
		{0C4D4908-D825-48AC-8C35-66D838A9C930}.Debug|Any CPU.Build.0 = Debug|Any CPU
		{0C4D4908-D825-48AC-8C35-66D838A9C930}.Release|Any CPU.ActiveCfg = Release|Any CPU
		{0C4D4908-D825-48AC-8C35-66D838A9C930}.Release|Any CPU.Build.0 = Release|Any CPU
		{5ED2D28E-31A3-480B-83F7-BDEAE95837A1}.Debug|Any CPU.ActiveCfg = Debug|Any CPU
		{5ED2D28E-31A3-480B-83F7-BDEAE95837A1}.Debug|Any CPU.Build.0 = Debug|Any CPU
		{5ED2D28E-31A3-480B-83F7-BDEAE95837A1}.Release|Any CPU.ActiveCfg = Release|Any CPU
		{5ED2D28E-31A3-480B-83F7-BDEAE95837A1}.Release|Any CPU.Build.0 = Release|Any CPU
	EndGlobalSection
	GlobalSection(SolutionProperties) = preSolution
		HideSolutionNode = FALSE
	EndGlobalSection
	GlobalSection(ExtensibilityGlobals) = postSolution
		SolutionGuid = {365EFB2A-312E-4657-87A0-CD07DA853168}
	EndGlobalSection
EndGlobal
